// !$*UTF8*$!
{
	archiveVersion = 1;
	classes = {
	};
	objectVersion = 46;
	objects = {

/* Begin PBXBuildFile section */
		01E6561535C84AC5A7BE1669 /* AdSupport.framework in Frameworks */ = {isa = PBXBuildFile; fileRef = 71D7D985BB8E44C2850AF2AE /* AdSupport.framework */; };
		03BEA4A452934BE6AB394043 /* CDVPluginExt.m in Sources */ = {isa = PBXBuildFile; fileRef = B4E6388EF0E8484D8EE755E4 /* CDVPluginExt.m */; };
		08D4212B2F21491382252AF1 /* CDVAdMobPlugin.m in Sources */ = {isa = PBXBuildFile; fileRef = 21E31952353F4683AA549960 /* CDVAdMobPlugin.m */; };
		1390B0C0718C407B8EED26AC /* AdMobMediation.m in Sources */ = {isa = PBXBuildFile; fileRef = 840DF6170F684F4D8A054026 /* AdMobMediation.m */; };
		1D3623260D0F684500981E51 /* AppDelegate.m in Sources */ = {isa = PBXBuildFile; fileRef = 1D3623250D0F684500981E51 /* AppDelegate.m */; };
		1D60589B0D05DD56006BFB54 /* main.m in Sources */ = {isa = PBXBuildFile; fileRef = 29B97316FDCFA39411CA2CEA /* main.m */; };
		2759861C4FE04036A51B9FDB /* IonicKeyboard.m in Sources */ = {isa = PBXBuildFile; fileRef = 4FFAF84C1AA2486791145F4C /* IonicKeyboard.m */; };
		288765FD0DF74451002DB57D /* CoreGraphics.framework in Frameworks */ = {isa = PBXBuildFile; fileRef = 288765FC0DF74451002DB57D /* CoreGraphics.framework */; };
		2A408B7A30BD42DCA1C0BBB3 /* SystemConfiguration.framework in Frameworks */ = {isa = PBXBuildFile; fileRef = AA0A2987273F4F21B2E1512A /* SystemConfiguration.framework */; };
		2D4F6D6ABDB147F4AA9CCB2B /* CDVLogger.m in Sources */ = {isa = PBXBuildFile; fileRef = 8F9B489BC1F54BD583127B5A /* CDVLogger.m */; };
		2FBAAB3CB89341C286AC2A3C /* GoogleMobileAds.framework in Frameworks */ = {isa = PBXBuildFile; fileRef = 412EE5067CA040C29EB2E074 /* GoogleMobileAds.framework */; };
		2FF46250F8474DC79C4B573A /* MessageUI.framework in Frameworks */ = {isa = PBXBuildFile; fileRef = EB3C4DB92B284EF4999BB84A /* MessageUI.framework */; };
		301BF552109A68D80062928A /* libCordova.a in Frameworks */ = {isa = PBXBuildFile; fileRef = 301BF535109A57CC0062928A /* libCordova.a */; };
		302D95F114D2391D003F00A1 /* MainViewController.m in Sources */ = {isa = PBXBuildFile; fileRef = 302D95EF14D2391D003F00A1 /* MainViewController.m */; };
		302D95F214D2391D003F00A1 /* MainViewController.xib in Resources */ = {isa = PBXBuildFile; fileRef = 302D95F014D2391D003F00A1 /* MainViewController.xib */; };
		305D5FD1115AB8F900A74A75 /* MobileCoreServices.framework in Frameworks */ = {isa = PBXBuildFile; fileRef = 305D5FD0115AB8F900A74A75 /* MobileCoreServices.framework */; };
		3088BBBD154F3926009F9C59 /* Default-Landscape@2x~ipad.png in Resources */ = {isa = PBXBuildFile; fileRef = 3088BBB7154F3926009F9C59 /* Default-Landscape@2x~ipad.png */; };
		3088BBBE154F3926009F9C59 /* Default-Landscape~ipad.png in Resources */ = {isa = PBXBuildFile; fileRef = 3088BBB8154F3926009F9C59 /* Default-Landscape~ipad.png */; };
		3088BBBF154F3926009F9C59 /* Default-Portrait@2x~ipad.png in Resources */ = {isa = PBXBuildFile; fileRef = 3088BBB9154F3926009F9C59 /* Default-Portrait@2x~ipad.png */; };
		3088BBC0154F3926009F9C59 /* Default-Portrait~ipad.png in Resources */ = {isa = PBXBuildFile; fileRef = 3088BBBA154F3926009F9C59 /* Default-Portrait~ipad.png */; };
		3088BBC1154F3926009F9C59 /* Default@2x~iphone.png in Resources */ = {isa = PBXBuildFile; fileRef = 3088BBBB154F3926009F9C59 /* Default@2x~iphone.png */; };
		3088BBC2154F3926009F9C59 /* Default~iphone.png in Resources */ = {isa = PBXBuildFile; fileRef = 3088BBBC154F3926009F9C59 /* Default~iphone.png */; };
		308D05371370CCF300D202BF /* icon-72.png in Resources */ = {isa = PBXBuildFile; fileRef = 308D052E1370CCF300D202BF /* icon-72.png */; };
		308D05381370CCF300D202BF /* icon.png in Resources */ = {isa = PBXBuildFile; fileRef = 308D052F1370CCF300D202BF /* icon.png */; };
		308D05391370CCF300D202BF /* icon@2x.png in Resources */ = {isa = PBXBuildFile; fileRef = 308D05301370CCF300D202BF /* icon@2x.png */; };
		30B4F30019D5E07200D9F7D8 /* Default-667h.png in Resources */ = {isa = PBXBuildFile; fileRef = 30B4F2FD19D5E07200D9F7D8 /* Default-667h.png */; };
		30B4F30119D5E07200D9F7D8 /* Default-736h.png in Resources */ = {isa = PBXBuildFile; fileRef = 30B4F2FE19D5E07200D9F7D8 /* Default-736h.png */; };
		30B4F30219D5E07200D9F7D8 /* Default-Landscape-736h.png in Resources */ = {isa = PBXBuildFile; fileRef = 30B4F2FF19D5E07200D9F7D8 /* Default-Landscape-736h.png */; };
		30C1856619D5FC0A00212699 /* icon-60@3x.png in Resources */ = {isa = PBXBuildFile; fileRef = 30C1856519D5FC0A00212699 /* icon-60@3x.png */; };
		30FC414916E50CA1004E6F35 /* icon-72@2x.png in Resources */ = {isa = PBXBuildFile; fileRef = 30FC414816E50CA1004E6F35 /* icon-72@2x.png */; };
		3C9E80CD9D364F8D854DCC1F /* Social.framework in Frameworks */ = {isa = PBXBuildFile; fileRef = 3B642A90C1E944D082505408 /* Social.framework */; settings = {ATTRIBUTES = (Weak, ); }; };
		4AC405B53DDF48778D8355ED /* StoreKit.framework in Frameworks */ = {isa = PBXBuildFile; fileRef = 73B3C0254B664E3A94D98BCF /* StoreKit.framework */; };
		4ECD393C29D84ECD9A0C0FFA /* UIWebViewExtension.m in Sources */ = {isa = PBXBuildFile; fileRef = B054A1A28C3C48F4AD6EFC89 /* UIWebViewExtension.m */; };
		5B1594DD16A7569C00FEF299 /* AssetsLibrary.framework in Frameworks */ = {isa = PBXBuildFile; fileRef = 5B1594DC16A7569C00FEF299 /* AssetsLibrary.framework */; };
		64753FF037574873911BE9DC /* UIKit.framework in Frameworks */ = {isa = PBXBuildFile; fileRef = A102366687BD498F82EE848B /* UIKit.framework */; };
		6E648B33B9934AD4B366EAC2 /* CDVDevice.m in Sources */ = {isa = PBXBuildFile; fileRef = DF28EA083CB9441AA0D91255 /* CDVDevice.m */; };
		7E7966DE1810823500FA85AD /* icon-40.png in Resources */ = {isa = PBXBuildFile; fileRef = 7E7966D41810823500FA85AD /* icon-40.png */; };
		7E7966DF1810823500FA85AD /* icon-40@2x.png in Resources */ = {isa = PBXBuildFile; fileRef = 7E7966D51810823500FA85AD /* icon-40@2x.png */; };
		7E7966E01810823500FA85AD /* icon-50.png in Resources */ = {isa = PBXBuildFile; fileRef = 7E7966D61810823500FA85AD /* icon-50.png */; };
		7E7966E11810823500FA85AD /* icon-50@2x.png in Resources */ = {isa = PBXBuildFile; fileRef = 7E7966D71810823500FA85AD /* icon-50@2x.png */; };
		7E7966E21810823500FA85AD /* icon-60.png in Resources */ = {isa = PBXBuildFile; fileRef = 7E7966D81810823500FA85AD /* icon-60.png */; };
		7E7966E31810823500FA85AD /* icon-60@2x.png in Resources */ = {isa = PBXBuildFile; fileRef = 7E7966D91810823500FA85AD /* icon-60@2x.png */; };
		7E7966E41810823500FA85AD /* icon-76.png in Resources */ = {isa = PBXBuildFile; fileRef = 7E7966DA1810823500FA85AD /* icon-76.png */; };
		7E7966E51810823500FA85AD /* icon-76@2x.png in Resources */ = {isa = PBXBuildFile; fileRef = 7E7966DB1810823500FA85AD /* icon-76@2x.png */; };
		7E7966E61810823500FA85AD /* icon-small.png in Resources */ = {isa = PBXBuildFile; fileRef = 7E7966DC1810823500FA85AD /* icon-small.png */; };
		7E7966E71810823500FA85AD /* icon-small@2x.png in Resources */ = {isa = PBXBuildFile; fileRef = 7E7966DD1810823500FA85AD /* icon-small@2x.png */; };
		8CE9C5921AB246CAB89DA5E0 /* EventKitUI.framework in Frameworks */ = {isa = PBXBuildFile; fileRef = D8635A0A90EB448696932B0B /* EventKitUI.framework */; };
		9941FD8F4E0D4F52B607FD15 /* CoreTelephony.framework in Frameworks */ = {isa = PBXBuildFile; fileRef = 0ABAD096EE4F448E9F9EACB7 /* CoreTelephony.framework */; };
		9F2D5A89936C43E3906D8908 /* Foundation.framework in Frameworks */ = {isa = PBXBuildFile; fileRef = 4DA2954E9287423ABF34CBC4 /* Foundation.framework */; };
		A0019997863644E28A03C8F6 /* AudioToolbox.framework in Frameworks */ = {isa = PBXBuildFile; fileRef = B85AEE94DED54D2EA28E72E6 /* AudioToolbox.framework */; };
		A7505E3ECDFF49EE9A504311 /* libCordovaGenericAd.a in Frameworks */ = {isa = PBXBuildFile; fileRef = A919BD0926494A468E79D2F4 /* libCordovaGenericAd.a */; };
		AA8137B95AD24FE499BB0F28 /* AVFoundation.framework in Frameworks */ = {isa = PBXBuildFile; fileRef = 181B25163D5A490D93B55C3C /* AVFoundation.framework */; };
		B661936F71D1420FA5CD38EF /* PushPlugin.m in Sources */ = {isa = PBXBuildFile; fileRef = E2B078F6D95B42388234B1B4 /* PushPlugin.m */; };
		D2DC596106584222BF728802 /* SocialSharing.m in Sources */ = {isa = PBXBuildFile; fileRef = 17F3CFE02DAE406C9224A065 /* SocialSharing.m */; };
		D4A0D8761607E02300AEF8BB /* Default-568h@2x~iphone.png in Resources */ = {isa = PBXBuildFile; fileRef = D4A0D8751607E02300AEF8BB /* Default-568h@2x~iphone.png */; };
		EC044A43E17B402DAB532534 /* EventKit.framework in Frameworks */ = {isa = PBXBuildFile; fileRef = 033BE6EE34CE4C7EA009FCED /* EventKit.framework */; };
		EF4122EB310F43789DE4A090 /* AppDelegate+notification.m in Sources */ = {isa = PBXBuildFile; fileRef = 5EA69107880C4411A1342D27 /* AppDelegate+notification.m */; };
/* End PBXBuildFile section */

/* Begin PBXContainerItemProxy section */
		301BF534109A57CC0062928A /* PBXContainerItemProxy */ = {
			isa = PBXContainerItemProxy;
			containerPortal = 301BF52D109A57CC0062928A /* CordovaLib.xcodeproj */;
			proxyType = 2;
			remoteGlobalIDString = D2AAC07E0554694100DB518D;
			remoteInfo = CordovaLib;
		};
		301BF550109A68C00062928A /* PBXContainerItemProxy */ = {
			isa = PBXContainerItemProxy;
			containerPortal = 301BF52D109A57CC0062928A /* CordovaLib.xcodeproj */;
			proxyType = 1;
			remoteGlobalIDString = D2AAC07D0554694100DB518D;
			remoteInfo = CordovaLib;
		};
/* End PBXContainerItemProxy section */

/* Begin PBXFileReference section */
		033BE6EE34CE4C7EA009FCED /* EventKit.framework */ = {isa = PBXFileReference; fileEncoding = 4; lastKnownFileType = wrapper.framework; name = EventKit.framework; path = System/Library/Frameworks/EventKit.framework; sourceTree = SDKROOT; };
		05BABEAFD11A4C648AA177B4 /* SocialSharing.h */ = {isa = PBXFileReference; fileEncoding = 4; lastKnownFileType = sourcecode.c.h; name = SocialSharing.h; path = "nl.x-services.plugins.socialsharing/SocialSharing.h"; sourceTree = "<group>"; };
		0ABAD096EE4F448E9F9EACB7 /* CoreTelephony.framework */ = {isa = PBXFileReference; fileEncoding = 4; lastKnownFileType = wrapper.framework; name = CoreTelephony.framework; path = System/Library/Frameworks/CoreTelephony.framework; sourceTree = SDKROOT; };
		0BA80FC69A7E4ECF85ADD57F /* IonicKeyboard.h */ = {isa = PBXFileReference; fileEncoding = 4; lastKnownFileType = sourcecode.c.h; name = IonicKeyboard.h; path = com.ionic.keyboard/IonicKeyboard.h; sourceTree = "<group>"; };
		129874ED102943EFB08B33A5 /* CDVLogger.h */ = {isa = PBXFileReference; fileEncoding = 4; lastKnownFileType = sourcecode.c.h; name = CDVLogger.h; path = org.apache.cordova.console/CDVLogger.h; sourceTree = "<group>"; };
		17F3CFE02DAE406C9224A065 /* SocialSharing.m */ = {isa = PBXFileReference; fileEncoding = 4; lastKnownFileType = sourcecode.c.objc; name = SocialSharing.m; path = "nl.x-services.plugins.socialsharing/SocialSharing.m"; sourceTree = "<group>"; };
		181B25163D5A490D93B55C3C /* AVFoundation.framework */ = {isa = PBXFileReference; fileEncoding = 4; lastKnownFileType = wrapper.framework; name = AVFoundation.framework; path = System/Library/Frameworks/AVFoundation.framework; sourceTree = SDKROOT; };
		1D3623240D0F684500981E51 /* AppDelegate.h */ = {isa = PBXFileReference; fileEncoding = 4; lastKnownFileType = sourcecode.c.h; path = AppDelegate.h; sourceTree = "<group>"; };
		1D3623250D0F684500981E51 /* AppDelegate.m */ = {isa = PBXFileReference; fileEncoding = 4; lastKnownFileType = sourcecode.c.objc; path = AppDelegate.m; sourceTree = "<group>"; };
		1D6058910D05DD3D006BFB54 /* DadaViz.app */ = {isa = PBXFileReference; explicitFileType = wrapper.application; includeInIndex = 0; path = DadaViz.app; sourceTree = BUILT_PRODUCTS_DIR; };
		21E31952353F4683AA549960 /* CDVAdMobPlugin.m */ = {isa = PBXFileReference; fileEncoding = 4; lastKnownFileType = sourcecode.c.objc; name = CDVAdMobPlugin.m; path = com.google.cordova.admob/CDVAdMobPlugin.m; sourceTree = "<group>"; };
		264C9E35812843F98F91690A /* UIWebViewExtension.h */ = {isa = PBXFileReference; fileEncoding = 4; lastKnownFileType = sourcecode.c.h; name = UIWebViewExtension.h; path = com.ionic.keyboard/UIWebViewExtension.h; sourceTree = "<group>"; };
		2759D9F623404E9D93D8F5D4 /* CDVPluginExt.h */ = {isa = PBXFileReference; fileEncoding = 4; lastKnownFileType = sourcecode.c.h; name = CDVPluginExt.h; path = com.rjfun.cordova.extension/CDVPluginExt.h; sourceTree = "<group>"; };
		288765FC0DF74451002DB57D /* CoreGraphics.framework */ = {isa = PBXFileReference; lastKnownFileType = wrapper.framework; name = CoreGraphics.framework; path = System/Library/Frameworks/CoreGraphics.framework; sourceTree = SDKROOT; };
		28C08FF217844A0EB5461A06 /* AdMobMediation.h */ = {isa = PBXFileReference; fileEncoding = 4; lastKnownFileType = sourcecode.c.h; name = AdMobMediation.h; path = com.google.cordova.admob/AdMobMediation.h; sourceTree = "<group>"; };
		29B97316FDCFA39411CA2CEA /* main.m */ = {isa = PBXFileReference; fileEncoding = 4; lastKnownFileType = sourcecode.c.objc; path = main.m; sourceTree = "<group>"; };
		301BF52D109A57CC0062928A /* CordovaLib.xcodeproj */ = {isa = PBXFileReference; lastKnownFileType = "wrapper.pb-project"; name = CordovaLib.xcodeproj; path = CordovaLib/CordovaLib.xcodeproj; sourceTree = "<group>"; };
		301BF56E109A69640062928A /* www */ = {isa = PBXFileReference; lastKnownFileType = folder; path = www; sourceTree = SOURCE_ROOT; };
		302D95EE14D2391D003F00A1 /* MainViewController.h */ = {isa = PBXFileReference; fileEncoding = 4; lastKnownFileType = sourcecode.c.h; path = MainViewController.h; sourceTree = "<group>"; };
		302D95EF14D2391D003F00A1 /* MainViewController.m */ = {isa = PBXFileReference; fileEncoding = 4; lastKnownFileType = sourcecode.c.objc; path = MainViewController.m; sourceTree = "<group>"; };
		302D95F014D2391D003F00A1 /* MainViewController.xib */ = {isa = PBXFileReference; fileEncoding = 4; lastKnownFileType = file.xib; path = MainViewController.xib; sourceTree = "<group>"; };
		305D5FD0115AB8F900A74A75 /* MobileCoreServices.framework */ = {isa = PBXFileReference; lastKnownFileType = wrapper.framework; name = MobileCoreServices.framework; path = System/Library/Frameworks/MobileCoreServices.framework; sourceTree = SDKROOT; };
		3088BBB7154F3926009F9C59 /* Default-Landscape@2x~ipad.png */ = {isa = PBXFileReference; lastKnownFileType = image.png; path = "Default-Landscape@2x~ipad.png"; sourceTree = "<group>"; };
		3088BBB8154F3926009F9C59 /* Default-Landscape~ipad.png */ = {isa = PBXFileReference; lastKnownFileType = image.png; path = "Default-Landscape~ipad.png"; sourceTree = "<group>"; };
		3088BBB9154F3926009F9C59 /* Default-Portrait@2x~ipad.png */ = {isa = PBXFileReference; lastKnownFileType = image.png; path = "Default-Portrait@2x~ipad.png"; sourceTree = "<group>"; };
		3088BBBA154F3926009F9C59 /* Default-Portrait~ipad.png */ = {isa = PBXFileReference; lastKnownFileType = image.png; path = "Default-Portrait~ipad.png"; sourceTree = "<group>"; };
		3088BBBB154F3926009F9C59 /* Default@2x~iphone.png */ = {isa = PBXFileReference; lastKnownFileType = image.png; path = "Default@2x~iphone.png"; sourceTree = "<group>"; };
		3088BBBC154F3926009F9C59 /* Default~iphone.png */ = {isa = PBXFileReference; lastKnownFileType = image.png; path = "Default~iphone.png"; sourceTree = "<group>"; };
		308D052E1370CCF300D202BF /* icon-72.png */ = {isa = PBXFileReference; lastKnownFileType = image.png; path = "icon-72.png"; sourceTree = "<group>"; };
		308D052F1370CCF300D202BF /* icon.png */ = {isa = PBXFileReference; lastKnownFileType = image.png; path = icon.png; sourceTree = "<group>"; };
		308D05301370CCF300D202BF /* icon@2x.png */ = {isa = PBXFileReference; lastKnownFileType = image.png; path = "icon@2x.png"; sourceTree = "<group>"; };
		30B4F2FD19D5E07200D9F7D8 /* Default-667h.png */ = {isa = PBXFileReference; lastKnownFileType = image.png; path = "Default-667h.png"; sourceTree = "<group>"; };
		30B4F2FE19D5E07200D9F7D8 /* Default-736h.png */ = {isa = PBXFileReference; lastKnownFileType = image.png; path = "Default-736h.png"; sourceTree = "<group>"; };
		30B4F2FF19D5E07200D9F7D8 /* Default-Landscape-736h.png */ = {isa = PBXFileReference; lastKnownFileType = image.png; path = "Default-Landscape-736h.png"; sourceTree = "<group>"; };
		30C1856519D5FC0A00212699 /* icon-60@3x.png */ = {isa = PBXFileReference; lastKnownFileType = image.png; path = "icon-60@3x.png"; sourceTree = "<group>"; };
		30FC414816E50CA1004E6F35 /* icon-72@2x.png */ = {isa = PBXFileReference; lastKnownFileType = image.png; path = "icon-72@2x.png"; sourceTree = "<group>"; };
		32CA4F630368D1EE00C91783 /* DadaViz-Prefix.pch */ = {isa = PBXFileReference; fileEncoding = 4; lastKnownFileType = sourcecode.c.h; path = "DadaViz-Prefix.pch"; sourceTree = "<group>"; };
		3B642A90C1E944D082505408 /* Social.framework */ = {isa = PBXFileReference; fileEncoding = 4; lastKnownFileType = wrapper.framework; name = Social.framework; path = System/Library/Frameworks/Social.framework; sourceTree = SDKROOT; };
		3CF1FDFB4F0A4C9E98D83082 /* PushPlugin.h */ = {isa = PBXFileReference; fileEncoding = 4; lastKnownFileType = sourcecode.c.h; name = PushPlugin.h; path = com.phonegap.plugins.PushPlugin/PushPlugin.h; sourceTree = "<group>"; };
		412EE5067CA040C29EB2E074 /* GoogleMobileAds.framework */ = {isa = PBXFileReference; lastKnownFileType = wrapper.framework; name = GoogleMobileAds.framework; path = DadaViz/Plugins/com.google.cordova.admob/GoogleMobileAds.framework; sourceTree = "<group>"; };
		4DA2954E9287423ABF34CBC4 /* Foundation.framework */ = {isa = PBXFileReference; fileEncoding = 4; lastKnownFileType = wrapper.framework; name = Foundation.framework; path = System/Library/Frameworks/Foundation.framework; sourceTree = SDKROOT; };
		4FFAF84C1AA2486791145F4C /* IonicKeyboard.m */ = {isa = PBXFileReference; fileEncoding = 4; lastKnownFileType = sourcecode.c.objc; name = IonicKeyboard.m; path = com.ionic.keyboard/IonicKeyboard.m; sourceTree = "<group>"; };
		5B1594DC16A7569C00FEF299 /* AssetsLibrary.framework */ = {isa = PBXFileReference; lastKnownFileType = wrapper.framework; name = AssetsLibrary.framework; path = System/Library/Frameworks/AssetsLibrary.framework; sourceTree = SDKROOT; };
		5EA69107880C4411A1342D27 /* AppDelegate+notification.m */ = {isa = PBXFileReference; fileEncoding = 4; lastKnownFileType = sourcecode.c.objc; name = "AppDelegate+notification.m"; path = "com.phonegap.plugins.PushPlugin/AppDelegate+notification.m"; sourceTree = "<group>"; };
		71D7D985BB8E44C2850AF2AE /* AdSupport.framework */ = {isa = PBXFileReference; fileEncoding = 4; lastKnownFileType = wrapper.framework; name = AdSupport.framework; path = System/Library/Frameworks/AdSupport.framework; sourceTree = SDKROOT; };
		73B3C0254B664E3A94D98BCF /* StoreKit.framework */ = {isa = PBXFileReference; fileEncoding = 4; lastKnownFileType = wrapper.framework; name = StoreKit.framework; path = System/Library/Frameworks/StoreKit.framework; sourceTree = SDKROOT; };
		7E7966D41810823500FA85AD /* icon-40.png */ = {isa = PBXFileReference; lastKnownFileType = image.png; path = "icon-40.png"; sourceTree = "<group>"; };
		7E7966D51810823500FA85AD /* icon-40@2x.png */ = {isa = PBXFileReference; lastKnownFileType = image.png; path = "icon-40@2x.png"; sourceTree = "<group>"; };
		7E7966D61810823500FA85AD /* icon-50.png */ = {isa = PBXFileReference; lastKnownFileType = image.png; path = "icon-50.png"; sourceTree = "<group>"; };
		7E7966D71810823500FA85AD /* icon-50@2x.png */ = {isa = PBXFileReference; lastKnownFileType = image.png; path = "icon-50@2x.png"; sourceTree = "<group>"; };
		7E7966D81810823500FA85AD /* icon-60.png */ = {isa = PBXFileReference; lastKnownFileType = image.png; path = "icon-60.png"; sourceTree = "<group>"; };
		7E7966D91810823500FA85AD /* icon-60@2x.png */ = {isa = PBXFileReference; lastKnownFileType = image.png; path = "icon-60@2x.png"; sourceTree = "<group>"; };
		7E7966DA1810823500FA85AD /* icon-76.png */ = {isa = PBXFileReference; lastKnownFileType = image.png; path = "icon-76.png"; sourceTree = "<group>"; };
		7E7966DB1810823500FA85AD /* icon-76@2x.png */ = {isa = PBXFileReference; lastKnownFileType = image.png; path = "icon-76@2x.png"; sourceTree = "<group>"; };
		7E7966DC1810823500FA85AD /* icon-small.png */ = {isa = PBXFileReference; lastKnownFileType = image.png; path = "icon-small.png"; sourceTree = "<group>"; };
		7E7966DD1810823500FA85AD /* icon-small@2x.png */ = {isa = PBXFileReference; lastKnownFileType = image.png; path = "icon-small@2x.png"; sourceTree = "<group>"; };
		840DF6170F684F4D8A054026 /* AdMobMediation.m */ = {isa = PBXFileReference; fileEncoding = 4; lastKnownFileType = sourcecode.c.objc; name = AdMobMediation.m; path = com.google.cordova.admob/AdMobMediation.m; sourceTree = "<group>"; };
		8BDD768EC8754FE89892D315 /* GenericAdPlugin.h */ = {isa = PBXFileReference; fileEncoding = 4; lastKnownFileType = sourcecode.c.h; name = GenericAdPlugin.h; path = com.rjfun.cordova.extension/GenericAdPlugin.h; sourceTree = "<group>"; };
		8D1107310486CEB800E47090 /* DadaViz-Info.plist */ = {isa = PBXFileReference; fileEncoding = 4; lastKnownFileType = text.plist.xml; name = "DadaViz-Info.plist"; path = "../DadaViz-Info.plist"; plistStructureDefinitionIdentifier = "com.apple.xcode.plist.structure-definition.iphone.info-plist"; sourceTree = "<group>"; };
		8F9B489BC1F54BD583127B5A /* CDVLogger.m */ = {isa = PBXFileReference; fileEncoding = 4; lastKnownFileType = sourcecode.c.objc; name = CDVLogger.m; path = org.apache.cordova.console/CDVLogger.m; sourceTree = "<group>"; };
		9FDA9223146B46B1BC19C491 /* CDVDevice.h */ = {isa = PBXFileReference; fileEncoding = 4; lastKnownFileType = sourcecode.c.h; name = CDVDevice.h; path = org.apache.cordova.device/CDVDevice.h; sourceTree = "<group>"; };
		A102366687BD498F82EE848B /* UIKit.framework */ = {isa = PBXFileReference; fileEncoding = 4; lastKnownFileType = wrapper.framework; name = UIKit.framework; path = System/Library/Frameworks/UIKit.framework; sourceTree = SDKROOT; };
		A919BD0926494A468E79D2F4 /* libCordovaGenericAd.a */ = {isa = PBXFileReference; fileEncoding = 4; lastKnownFileType = archive.ar; name = libCordovaGenericAd.a; path = DadaViz/Plugins/com.rjfun.cordova.extension/libCordovaGenericAd.a; sourceTree = "<group>"; };
		AA0A2987273F4F21B2E1512A /* SystemConfiguration.framework */ = {isa = PBXFileReference; fileEncoding = 4; lastKnownFileType = wrapper.framework; name = SystemConfiguration.framework; path = System/Library/Frameworks/SystemConfiguration.framework; sourceTree = SDKROOT; };
		B054A1A28C3C48F4AD6EFC89 /* UIWebViewExtension.m */ = {isa = PBXFileReference; fileEncoding = 4; lastKnownFileType = sourcecode.c.objc; name = UIWebViewExtension.m; path = com.ionic.keyboard/UIWebViewExtension.m; sourceTree = "<group>"; };
		B4E6388EF0E8484D8EE755E4 /* CDVPluginExt.m */ = {isa = PBXFileReference; fileEncoding = 4; lastKnownFileType = sourcecode.c.objc; name = CDVPluginExt.m; path = com.rjfun.cordova.extension/CDVPluginExt.m; sourceTree = "<group>"; };
		B85AEE94DED54D2EA28E72E6 /* AudioToolbox.framework */ = {isa = PBXFileReference; fileEncoding = 4; lastKnownFileType = wrapper.framework; name = AudioToolbox.framework; path = System/Library/Frameworks/AudioToolbox.framework; sourceTree = SDKROOT; };
		C466E51D20DB4478B6E490E4 /* AppDelegate+notification.h */ = {isa = PBXFileReference; fileEncoding = 4; lastKnownFileType = sourcecode.c.h; name = "AppDelegate+notification.h"; path = "com.phonegap.plugins.PushPlugin/AppDelegate+notification.h"; sourceTree = "<group>"; };
		D4A0D8751607E02300AEF8BB /* Default-568h@2x~iphone.png */ = {isa = PBXFileReference; lastKnownFileType = image.png; path = "Default-568h@2x~iphone.png"; sourceTree = "<group>"; };
		D8635A0A90EB448696932B0B /* EventKitUI.framework */ = {isa = PBXFileReference; fileEncoding = 4; lastKnownFileType = wrapper.framework; name = EventKitUI.framework; path = System/Library/Frameworks/EventKitUI.framework; sourceTree = SDKROOT; };
		DF28EA083CB9441AA0D91255 /* CDVDevice.m */ = {isa = PBXFileReference; fileEncoding = 4; lastKnownFileType = sourcecode.c.objc; name = CDVDevice.m; path = org.apache.cordova.device/CDVDevice.m; sourceTree = "<group>"; };
		E0169DCBEB6843BFA39A7B1F /* PluginAdapterDelegate.h */ = {isa = PBXFileReference; fileEncoding = 4; lastKnownFileType = sourcecode.c.h; name = PluginAdapterDelegate.h; path = com.rjfun.cordova.extension/PluginAdapterDelegate.h; sourceTree = "<group>"; };
		E2B078F6D95B42388234B1B4 /* PushPlugin.m */ = {isa = PBXFileReference; fileEncoding = 4; lastKnownFileType = sourcecode.c.objc; name = PushPlugin.m; path = com.phonegap.plugins.PushPlugin/PushPlugin.m; sourceTree = "<group>"; };
		E9E0D1B6F54B485E9F3C4948 /* CDVAdMobPlugin.h */ = {isa = PBXFileReference; fileEncoding = 4; lastKnownFileType = sourcecode.c.h; name = CDVAdMobPlugin.h; path = com.google.cordova.admob/CDVAdMobPlugin.h; sourceTree = "<group>"; };
		EB3C4DB92B284EF4999BB84A /* MessageUI.framework */ = {isa = PBXFileReference; fileEncoding = 4; lastKnownFileType = wrapper.framework; name = MessageUI.framework; path = System/Library/Frameworks/MessageUI.framework; sourceTree = SDKROOT; };
		EB87FDF21871DA7A0020F90C /* merges */ = {isa = PBXFileReference; lastKnownFileType = folder; name = merges; path = ../../merges; sourceTree = "<group>"; };
		EB87FDF31871DA8E0020F90C /* www */ = {isa = PBXFileReference; lastKnownFileType = folder; name = www; path = ../../www; sourceTree = "<group>"; };
		EB87FDF41871DAF40020F90C /* config.xml */ = {isa = PBXFileReference; lastKnownFileType = text.xml; name = config.xml; path = ../../config.xml; sourceTree = "<group>"; };
		F840E1F0165FE0F500CFE078 /* config.xml */ = {isa = PBXFileReference; lastKnownFileType = text.xml; name = config.xml; path = DadaViz/config.xml; sourceTree = "<group>"; };
/* End PBXFileReference section */

/* Begin PBXFrameworksBuildPhase section */
		1D60588F0D05DD3D006BFB54 /* Frameworks */ = {
			isa = PBXFrameworksBuildPhase;
			buildActionMask = 2147483647;
			files = (
				5B1594DD16A7569C00FEF299 /* AssetsLibrary.framework in Frameworks */,
				301BF552109A68D80062928A /* libCordova.a in Frameworks */,
				288765FD0DF74451002DB57D /* CoreGraphics.framework in Frameworks */,
				305D5FD1115AB8F900A74A75 /* MobileCoreServices.framework in Frameworks */,
				A7505E3ECDFF49EE9A504311 /* libCordovaGenericAd.a in Frameworks */,
				2FBAAB3CB89341C286AC2A3C /* GoogleMobileAds.framework in Frameworks */,
				01E6561535C84AC5A7BE1669 /* AdSupport.framework in Frameworks */,
				A0019997863644E28A03C8F6 /* AudioToolbox.framework in Frameworks */,
				AA8137B95AD24FE499BB0F28 /* AVFoundation.framework in Frameworks */,
				9941FD8F4E0D4F52B607FD15 /* CoreTelephony.framework in Frameworks */,
				EC044A43E17B402DAB532534 /* EventKit.framework in Frameworks */,
				8CE9C5921AB246CAB89DA5E0 /* EventKitUI.framework in Frameworks */,
				9F2D5A89936C43E3906D8908 /* Foundation.framework in Frameworks */,
				2FF46250F8474DC79C4B573A /* MessageUI.framework in Frameworks */,
				4AC405B53DDF48778D8355ED /* StoreKit.framework in Frameworks */,
				2A408B7A30BD42DCA1C0BBB3 /* SystemConfiguration.framework in Frameworks */,
				64753FF037574873911BE9DC /* UIKit.framework in Frameworks */,
				3C9E80CD9D364F8D854DCC1F /* Social.framework in Frameworks */,
			);
			runOnlyForDeploymentPostprocessing = 0;
		};
/* End PBXFrameworksBuildPhase section */

/* Begin PBXGroup section */
		080E96DDFE201D6D7F000001 /* Classes */ = {
			isa = PBXGroup;
			children = (
				302D95EE14D2391D003F00A1 /* MainViewController.h */,
				302D95EF14D2391D003F00A1 /* MainViewController.m */,
				302D95F014D2391D003F00A1 /* MainViewController.xib */,
				1D3623240D0F684500981E51 /* AppDelegate.h */,
				1D3623250D0F684500981E51 /* AppDelegate.m */,
			);
			name = Classes;
			path = DadaViz/Classes;
			sourceTree = SOURCE_ROOT;
		};
		19C28FACFE9D520D11CA2CBB /* Products */ = {
			isa = PBXGroup;
			children = (
				1D6058910D05DD3D006BFB54 /* DadaViz.app */,
			);
			name = Products;
			sourceTree = "<group>";
		};
		29B97314FDCFA39411CA2CEA /* CustomTemplate */ = {
			isa = PBXGroup;
			children = (
				EB87FDF41871DAF40020F90C /* config.xml */,
				EB87FDF31871DA8E0020F90C /* www */,
				EB87FDF21871DA7A0020F90C /* merges */,
				EB87FDF11871DA420020F90C /* Staging */,
				301BF52D109A57CC0062928A /* CordovaLib.xcodeproj */,
				080E96DDFE201D6D7F000001 /* Classes */,
				307C750510C5A3420062BCA9 /* Plugins */,
				29B97315FDCFA39411CA2CEA /* Other Sources */,
				29B97317FDCFA39411CA2CEA /* Resources */,
				29B97323FDCFA39411CA2CEA /* Frameworks */,
				19C28FACFE9D520D11CA2CBB /* Products */,
			);
			name = CustomTemplate;
			sourceTree = "<group>";
		};
		29B97315FDCFA39411CA2CEA /* Other Sources */ = {
			isa = PBXGroup;
			children = (
				32CA4F630368D1EE00C91783 /* DadaViz-Prefix.pch */,
				29B97316FDCFA39411CA2CEA /* main.m */,
			);
			name = "Other Sources";
			path = DadaViz;
			sourceTree = "<group>";
		};
		29B97317FDCFA39411CA2CEA /* Resources */ = {
			isa = PBXGroup;
			children = (
				308D052D1370CCF300D202BF /* icons */,
				308D05311370CCF300D202BF /* splash */,
				8D1107310486CEB800E47090 /* DadaViz-Info.plist */,
			);
			name = Resources;
			path = DadaViz/Resources;
			sourceTree = "<group>";
		};
		29B97323FDCFA39411CA2CEA /* Frameworks */ = {
			isa = PBXGroup;
			children = (
				5B1594DC16A7569C00FEF299 /* AssetsLibrary.framework */,
				288765FC0DF74451002DB57D /* CoreGraphics.framework */,
				305D5FD0115AB8F900A74A75 /* MobileCoreServices.framework */,
				A919BD0926494A468E79D2F4 /* libCordovaGenericAd.a */,
				412EE5067CA040C29EB2E074 /* GoogleMobileAds.framework */,
				71D7D985BB8E44C2850AF2AE /* AdSupport.framework */,
				B85AEE94DED54D2EA28E72E6 /* AudioToolbox.framework */,
				181B25163D5A490D93B55C3C /* AVFoundation.framework */,
				0ABAD096EE4F448E9F9EACB7 /* CoreTelephony.framework */,
				033BE6EE34CE4C7EA009FCED /* EventKit.framework */,
				D8635A0A90EB448696932B0B /* EventKitUI.framework */,
				4DA2954E9287423ABF34CBC4 /* Foundation.framework */,
				EB3C4DB92B284EF4999BB84A /* MessageUI.framework */,
				73B3C0254B664E3A94D98BCF /* StoreKit.framework */,
				AA0A2987273F4F21B2E1512A /* SystemConfiguration.framework */,
				A102366687BD498F82EE848B /* UIKit.framework */,
				3B642A90C1E944D082505408 /* Social.framework */,
			);
			name = Frameworks;
			sourceTree = "<group>";
		};
		301BF52E109A57CC0062928A /* Products */ = {
			isa = PBXGroup;
			children = (
				301BF535109A57CC0062928A /* libCordova.a */,
			);
			name = Products;
			sourceTree = "<group>";
		};
		307C750510C5A3420062BCA9 /* Plugins */ = {
			isa = PBXGroup;
			children = (
				B4E6388EF0E8484D8EE755E4 /* CDVPluginExt.m */,
				E0169DCBEB6843BFA39A7B1F /* PluginAdapterDelegate.h */,
				2759D9F623404E9D93D8F5D4 /* CDVPluginExt.h */,
				8BDD768EC8754FE89892D315 /* GenericAdPlugin.h */,
				21E31952353F4683AA549960 /* CDVAdMobPlugin.m */,
				840DF6170F684F4D8A054026 /* AdMobMediation.m */,
				E9E0D1B6F54B485E9F3C4948 /* CDVAdMobPlugin.h */,
				28C08FF217844A0EB5461A06 /* AdMobMediation.h */,
				4FFAF84C1AA2486791145F4C /* IonicKeyboard.m */,
				B054A1A28C3C48F4AD6EFC89 /* UIWebViewExtension.m */,
				0BA80FC69A7E4ECF85ADD57F /* IonicKeyboard.h */,
				264C9E35812843F98F91690A /* UIWebViewExtension.h */,
				5EA69107880C4411A1342D27 /* AppDelegate+notification.m */,
				E2B078F6D95B42388234B1B4 /* PushPlugin.m */,
				C466E51D20DB4478B6E490E4 /* AppDelegate+notification.h */,
				3CF1FDFB4F0A4C9E98D83082 /* PushPlugin.h */,
				17F3CFE02DAE406C9224A065 /* SocialSharing.m */,
				05BABEAFD11A4C648AA177B4 /* SocialSharing.h */,
				8F9B489BC1F54BD583127B5A /* CDVLogger.m */,
				129874ED102943EFB08B33A5 /* CDVLogger.h */,
				DF28EA083CB9441AA0D91255 /* CDVDevice.m */,
				9FDA9223146B46B1BC19C491 /* CDVDevice.h */,
			);
			name = Plugins;
			path = DadaViz/Plugins;
			sourceTree = SOURCE_ROOT;
		};
		308D052D1370CCF300D202BF /* icons */ = {
			isa = PBXGroup;
			children = (
				30C1856519D5FC0A00212699 /* icon-60@3x.png */,
				7E7966D41810823500FA85AD /* icon-40.png */,
				7E7966D51810823500FA85AD /* icon-40@2x.png */,
				7E7966D61810823500FA85AD /* icon-50.png */,
				7E7966D71810823500FA85AD /* icon-50@2x.png */,
				7E7966D81810823500FA85AD /* icon-60.png */,
				7E7966D91810823500FA85AD /* icon-60@2x.png */,
				7E7966DA1810823500FA85AD /* icon-76.png */,
				7E7966DB1810823500FA85AD /* icon-76@2x.png */,
				7E7966DC1810823500FA85AD /* icon-small.png */,
				7E7966DD1810823500FA85AD /* icon-small@2x.png */,
				30FC414816E50CA1004E6F35 /* icon-72@2x.png */,
				308D052E1370CCF300D202BF /* icon-72.png */,
				308D052F1370CCF300D202BF /* icon.png */,
				308D05301370CCF300D202BF /* icon@2x.png */,
			);
			path = icons;
			sourceTree = "<group>";
		};
		308D05311370CCF300D202BF /* splash */ = {
			isa = PBXGroup;
			children = (
				30B4F2FD19D5E07200D9F7D8 /* Default-667h.png */,
				30B4F2FE19D5E07200D9F7D8 /* Default-736h.png */,
				30B4F2FF19D5E07200D9F7D8 /* Default-Landscape-736h.png */,
				D4A0D8751607E02300AEF8BB /* Default-568h@2x~iphone.png */,
				3088BBB7154F3926009F9C59 /* Default-Landscape@2x~ipad.png */,
				3088BBB8154F3926009F9C59 /* Default-Landscape~ipad.png */,
				3088BBB9154F3926009F9C59 /* Default-Portrait@2x~ipad.png */,
				3088BBBA154F3926009F9C59 /* Default-Portrait~ipad.png */,
				3088BBBB154F3926009F9C59 /* Default@2x~iphone.png */,
				3088BBBC154F3926009F9C59 /* Default~iphone.png */,
			);
			path = splash;
			sourceTree = "<group>";
		};
		EB87FDF11871DA420020F90C /* Staging */ = {
			isa = PBXGroup;
			children = (
				F840E1F0165FE0F500CFE078 /* config.xml */,
				301BF56E109A69640062928A /* www */,
			);
			name = Staging;
			sourceTree = "<group>";
		};
/* End PBXGroup section */

/* Begin PBXNativeTarget section */
		1D6058900D05DD3D006BFB54 /* DadaViz */ = {
			isa = PBXNativeTarget;
			buildConfigurationList = 1D6058960D05DD3E006BFB54 /* Build configuration list for PBXNativeTarget "DadaViz" */;
			buildPhases = (
				304B58A110DAC018002A0835 /* Copy www directory */,
				1D60588D0D05DD3D006BFB54 /* Resources */,
				1D60588E0D05DD3D006BFB54 /* Sources */,
				1D60588F0D05DD3D006BFB54 /* Frameworks */,
			);
			buildRules = (
			);
			dependencies = (
				301BF551109A68C00062928A /* PBXTargetDependency */,
			);
			name = DadaViz;
			productName = DadaViz;
			productReference = 1D6058910D05DD3D006BFB54 /* DadaViz.app */;
			productType = "com.apple.product-type.application";
		};
/* End PBXNativeTarget section */

/* Begin PBXProject section */
		29B97313FDCFA39411CA2CEA /* Project object */ = {
			isa = PBXProject;
			attributes = {
				LastUpgradeCheck = 510;
			};
			buildConfigurationList = C01FCF4E08A954540054247B /* Build configuration list for PBXProject "DadaViz" */;
			compatibilityVersion = "Xcode 3.2";
			developmentRegion = English;
			hasScannedForEncodings = 1;
			knownRegions = (
				English,
				Japanese,
				French,
				German,
				en,
				es,
				de,
				se,
			);
			mainGroup = 29B97314FDCFA39411CA2CEA /* CustomTemplate */;
			projectDirPath = "";
			projectReferences = (
				{
					ProductGroup = 301BF52E109A57CC0062928A /* Products */;
					ProjectRef = 301BF52D109A57CC0062928A /* CordovaLib.xcodeproj */;
				},
			);
			projectRoot = "";
			targets = (
				1D6058900D05DD3D006BFB54 /* DadaViz */,
			);
		};
/* End PBXProject section */

/* Begin PBXReferenceProxy section */
		301BF535109A57CC0062928A /* libCordova.a */ = {
			isa = PBXReferenceProxy;
			fileType = archive.ar;
			path = libCordova.a;
			remoteRef = 301BF534109A57CC0062928A /* PBXContainerItemProxy */;
			sourceTree = BUILT_PRODUCTS_DIR;
		};
/* End PBXReferenceProxy section */

/* Begin PBXResourcesBuildPhase section */
		1D60588D0D05DD3D006BFB54 /* Resources */ = {
			isa = PBXResourcesBuildPhase;
			buildActionMask = 2147483647;
			files = (
				7E7966E41810823500FA85AD /* icon-76.png in Resources */,
				7E7966DF1810823500FA85AD /* icon-40@2x.png in Resources */,
				308D05371370CCF300D202BF /* icon-72.png in Resources */,
				30B4F30119D5E07200D9F7D8 /* Default-736h.png in Resources */,
				308D05381370CCF300D202BF /* icon.png in Resources */,
				308D05391370CCF300D202BF /* icon@2x.png in Resources */,
				302D95F214D2391D003F00A1 /* MainViewController.xib in Resources */,
				7E7966E01810823500FA85AD /* icon-50.png in Resources */,
				7E7966E31810823500FA85AD /* icon-60@2x.png in Resources */,
				7E7966E61810823500FA85AD /* icon-small.png in Resources */,
				3088BBBD154F3926009F9C59 /* Default-Landscape@2x~ipad.png in Resources */,
				3088BBBE154F3926009F9C59 /* Default-Landscape~ipad.png in Resources */,
				3088BBBF154F3926009F9C59 /* Default-Portrait@2x~ipad.png in Resources */,
				7E7966E71810823500FA85AD /* icon-small@2x.png in Resources */,
				3088BBC0154F3926009F9C59 /* Default-Portrait~ipad.png in Resources */,
				30B4F30019D5E07200D9F7D8 /* Default-667h.png in Resources */,
				7E7966DE1810823500FA85AD /* icon-40.png in Resources */,
				3088BBC1154F3926009F9C59 /* Default@2x~iphone.png in Resources */,
				7E7966E21810823500FA85AD /* icon-60.png in Resources */,
				3088BBC2154F3926009F9C59 /* Default~iphone.png in Resources */,
				D4A0D8761607E02300AEF8BB /* Default-568h@2x~iphone.png in Resources */,
				30B4F30219D5E07200D9F7D8 /* Default-Landscape-736h.png in Resources */,
				30C1856619D5FC0A00212699 /* icon-60@3x.png in Resources */,
				7E7966E11810823500FA85AD /* icon-50@2x.png in Resources */,
				7E7966E51810823500FA85AD /* icon-76@2x.png in Resources */,
				30FC414916E50CA1004E6F35 /* icon-72@2x.png in Resources */,
			);
			runOnlyForDeploymentPostprocessing = 0;
		};
/* End PBXResourcesBuildPhase section */

/* Begin PBXShellScriptBuildPhase section */
		304B58A110DAC018002A0835 /* Copy www directory */ = {
			isa = PBXShellScriptBuildPhase;
			buildActionMask = 2147483647;
			files = (
			);
			inputPaths = (
			);
			name = "Copy www directory";
			outputPaths = (
			);
			runOnlyForDeploymentPostprocessing = 0;
			shellPath = /bin/sh;
			shellScript = "cordova/lib/copy-www-build-step.sh";
			showEnvVarsInLog = 0;
		};
/* End PBXShellScriptBuildPhase section */

/* Begin PBXSourcesBuildPhase section */
		1D60588E0D05DD3D006BFB54 /* Sources */ = {
			isa = PBXSourcesBuildPhase;
			buildActionMask = 2147483647;
			files = (
				1D60589B0D05DD56006BFB54 /* main.m in Sources */,
				1D3623260D0F684500981E51 /* AppDelegate.m in Sources */,
				302D95F114D2391D003F00A1 /* MainViewController.m in Sources */,
				03BEA4A452934BE6AB394043 /* CDVPluginExt.m in Sources */,
				08D4212B2F21491382252AF1 /* CDVAdMobPlugin.m in Sources */,
				1390B0C0718C407B8EED26AC /* AdMobMediation.m in Sources */,
				2759861C4FE04036A51B9FDB /* IonicKeyboard.m in Sources */,
				4ECD393C29D84ECD9A0C0FFA /* UIWebViewExtension.m in Sources */,
				EF4122EB310F43789DE4A090 /* AppDelegate+notification.m in Sources */,
				B661936F71D1420FA5CD38EF /* PushPlugin.m in Sources */,
				D2DC596106584222BF728802 /* SocialSharing.m in Sources */,
				2D4F6D6ABDB147F4AA9CCB2B /* CDVLogger.m in Sources */,
				6E648B33B9934AD4B366EAC2 /* CDVDevice.m in Sources */,
			);
			runOnlyForDeploymentPostprocessing = 0;
		};
/* End PBXSourcesBuildPhase section */

/* Begin PBXTargetDependency section */
		301BF551109A68C00062928A /* PBXTargetDependency */ = {
			isa = PBXTargetDependency;
			name = CordovaLib;
			targetProxy = 301BF550109A68C00062928A /* PBXContainerItemProxy */;
		};
/* End PBXTargetDependency section */

/* Begin XCBuildConfiguration section */
		1D6058940D05DD3E006BFB54 /* Debug */ = {
			isa = XCBuildConfiguration;
			buildSettings = {
				ALWAYS_SEARCH_USER_PATHS = NO;
				CLANG_ENABLE_OBJC_ARC = YES;
				COPY_PHASE_STRIP = NO;
				FRAMEWORK_SEARCH_PATHS = (
					"$(inherited)",
					"\"DadaViz/Plugins/com.google.cordova.admob\"",
				);
				GCC_DYNAMIC_NO_PIC = NO;
				GCC_OPTIMIZATION_LEVEL = 0;
				GCC_PRECOMPILE_PREFIX_HEADER = YES;
				GCC_PREFIX_HEADER = "DadaViz/DadaViz-Prefix.pch";
				GCC_THUMB_SUPPORT = NO;
				GCC_VERSION = "";
				INFOPLIST_FILE = "DadaViz/DadaViz-Info.plist";
				IPHONEOS_DEPLOYMENT_TARGET = 6.0;
				LIBRARY_SEARCH_PATHS = (
					"$(inherited)",
					"\"$(SRCROOT)/DadaViz/Plugins/com.rjfun.cordova.extension\"",
				);
				OTHER_LDFLAGS = (
					"-weak_framework",
					CoreFoundation,
					"-weak_framework",
					UIKit,
					"-weak_framework",
					AVFoundation,
					"-weak_framework",
					CoreMedia,
					"-weak-lSystem",
					"-ObjC",
				);
				PRODUCT_NAME = DadaViz;
				TARGETED_DEVICE_FAMILY = "1,2";
			};
			name = Debug;
		};
		1D6058950D05DD3E006BFB54 /* Release */ = {
			isa = XCBuildConfiguration;
			buildSettings = {
				ALWAYS_SEARCH_USER_PATHS = NO;
				CLANG_ENABLE_OBJC_ARC = YES;
				COPY_PHASE_STRIP = YES;
				FRAMEWORK_SEARCH_PATHS = (
					"$(inherited)",
					"\"DadaViz/Plugins/com.google.cordova.admob\"",
				);
				GCC_PRECOMPILE_PREFIX_HEADER = YES;
				GCC_PREFIX_HEADER = "DadaViz/DadaViz-Prefix.pch";
				GCC_THUMB_SUPPORT = NO;
				GCC_VERSION = "";
				INFOPLIST_FILE = "DadaViz/DadaViz-Info.plist";
				IPHONEOS_DEPLOYMENT_TARGET = 6.0;
				LIBRARY_SEARCH_PATHS = (
					"$(inherited)",
					"\"$(SRCROOT)/DadaViz/Plugins/com.rjfun.cordova.extension\"",
				);
				OTHER_LDFLAGS = (
					"-weak_framework",
					CoreFoundation,
					"-weak_framework",
					UIKit,
					"-weak_framework",
					AVFoundation,
					"-weak_framework",
					CoreMedia,
					"-weak-lSystem",
					"-ObjC",
				);
				PRODUCT_NAME = DadaViz;
				TARGETED_DEVICE_FAMILY = "1,2";
			};
			name = Release;
		};
		C01FCF4F08A954540054247B /* Debug */ = {
			isa = XCBuildConfiguration;
			buildSettings = {
				CLANG_ENABLE_OBJC_ARC = YES;
				CLANG_WARN_BOOL_CONVERSION = YES;
				CLANG_WARN_CONSTANT_CONVERSION = YES;
				CLANG_WARN_EMPTY_BODY = YES;
				CLANG_WARN_ENUM_CONVERSION = YES;
				CLANG_WARN_INT_CONVERSION = YES;
				CLANG_WARN__DUPLICATE_METHOD_MATCH = YES;
				"CODE_SIGN_IDENTITY[sdk=iphoneos*]" = "iPhone Developer";
				GCC_C_LANGUAGE_STANDARD = c99;
				GCC_THUMB_SUPPORT = NO;
				GCC_VERSION = "";
				GCC_WARN_ABOUT_RETURN_TYPE = YES;
				GCC_WARN_UNDECLARED_SELECTOR = YES;
				GCC_WARN_UNINITIALIZED_AUTOS = YES;
				GCC_WARN_UNUSED_FUNCTION = YES;
				GCC_WARN_UNUSED_VARIABLE = YES;
				HEADER_SEARCH_PATHS = (
					"\"$(TARGET_BUILD_DIR)/usr/local/lib/include\"",
					"\"$(OBJROOT)/UninstalledProducts/include\"",
					"\"$(BUILT_PRODUCTS_DIR)\"",
				);
				IPHONEOS_DEPLOYMENT_TARGET = 6.0;
				ONLY_ACTIVE_ARCH = YES;
				OTHER_LDFLAGS = (
					"-weak_framework",
					CoreFoundation,
					"-weak_framework",
					UIKit,
					"-weak_framework",
					AVFoundation,
					"-weak_framework",
					CoreMedia,
					"-weak-lSystem",
					"-ObjC",
				);
				SDKROOT = iphoneos;
				SKIP_INSTALL = NO;
				USER_HEADER_SEARCH_PATHS = "";
			};
			name = Debug;
		};
		C01FCF5008A954540054247B /* Release */ = {
			isa = XCBuildConfiguration;
			buildSettings = {
				CLANG_ENABLE_OBJC_ARC = YES;
				CLANG_WARN_BOOL_CONVERSION = YES;
				CLANG_WARN_CONSTANT_CONVERSION = YES;
				CLANG_WARN_EMPTY_BODY = YES;
				CLANG_WARN_ENUM_CONVERSION = YES;
				CLANG_WARN_INT_CONVERSION = YES;
				CLANG_WARN__DUPLICATE_METHOD_MATCH = YES;
				"CODE_SIGN_IDENTITY[sdk=iphoneos*]" = "iPhone Developer";
				GCC_C_LANGUAGE_STANDARD = c99;
				GCC_THUMB_SUPPORT = NO;
				GCC_VERSION = "";
				GCC_WARN_ABOUT_RETURN_TYPE = YES;
				GCC_WARN_UNDECLARED_SELECTOR = YES;
				GCC_WARN_UNINITIALIZED_AUTOS = YES;
				GCC_WARN_UNUSED_FUNCTION = YES;
				GCC_WARN_UNUSED_VARIABLE = YES;
				HEADER_SEARCH_PATHS = (
					"\"$(TARGET_BUILD_DIR)/usr/local/lib/include\"",
					"\"$(OBJROOT)/UninstalledProducts/include\"",
					"\"$(BUILT_PRODUCTS_DIR)\"",
				);
				IPHONEOS_DEPLOYMENT_TARGET = 6.0;
				OTHER_LDFLAGS = (
					"-weak_framework",
					CoreFoundation,
					"-weak_framework",
					UIKit,
					"-weak_framework",
					AVFoundation,
					"-weak_framework",
					CoreMedia,
					"-weak-lSystem",
					"-ObjC",
				);
				SDKROOT = iphoneos;
				SKIP_INSTALL = NO;
				USER_HEADER_SEARCH_PATHS = "";
			};
			name = Release;
		};
/* End XCBuildConfiguration section */

/* Begin XCConfigurationList section */
		1D6058960D05DD3E006BFB54 /* Build configuration list for PBXNativeTarget "DadaViz" */ = {
			isa = XCConfigurationList;
			buildConfigurations = (
				1D6058940D05DD3E006BFB54 /* Debug */,
				1D6058950D05DD3E006BFB54 /* Release */,
			);
			defaultConfigurationIsVisible = 0;
			defaultConfigurationName = Release;
		};
		C01FCF4E08A954540054247B /* Build configuration list for PBXProject "DadaViz" */ = {
			isa = XCConfigurationList;
			buildConfigurations = (
				C01FCF4F08A954540054247B /* Debug */,
				C01FCF5008A954540054247B /* Release */,
			);
			defaultConfigurationIsVisible = 0;
			defaultConfigurationName = Release;
		};
/* End XCConfigurationList section */
	};
	rootObject = 29B97313FDCFA39411CA2CEA /* Project object */;
}
